// !$*UTF8*$!
{
	archiveVersion = 1;
	classes = {
	};
	objectVersion = 46;
	objects = {

/* Begin PBXBuildFile section */
		381A4BFA14CCD42900574FDF /* AMImageCache.h in Headers */ = {isa = PBXBuildFile; fileRef = 381A4BF814CCD42900574FDF /* AMImageCache.h */; };
		381A4BFB14CCD42900574FDF /* AMImageCache.m in Sources */ = {isa = PBXBuildFile; fileRef = 381A4BF914CCD42900574FDF /* AMImageCache.m */; };
		381A4BFF14CCD48C00574FDF /* CacheItem.h in Headers */ = {isa = PBXBuildFile; fileRef = 381A4BFD14CCD48C00574FDF /* CacheItem.h */; };
		381A4C0014CCD48C00574FDF /* CacheItem.m in Sources */ = {isa = PBXBuildFile; fileRef = 381A4BFE14CCD48C00574FDF /* CacheItem.m */; };
		381A4C0314CCD4A000574FDF /* ImageCachingDatabaseService.h in Headers */ = {isa = PBXBuildFile; fileRef = 381A4C0114CCD4A000574FDF /* ImageCachingDatabaseService.h */; };
		381A4C0414CCD4A000574FDF /* ImageCachingDatabaseService.m in Sources */ = {isa = PBXBuildFile; fileRef = 381A4C0214CCD4A000574FDF /* ImageCachingDatabaseService.m */; };
		381A4C0C14CCDE5700574FDF /* DateUtil.h in Headers */ = {isa = PBXBuildFile; fileRef = 381A4C0A14CCDE5700574FDF /* DateUtil.h */; };
		381A4C0D14CCDE5700574FDF /* DateUtil.m in Sources */ = {isa = PBXBuildFile; fileRef = 381A4C0B14CCDE5700574FDF /* DateUtil.m */; };
		381A4C1014CCDE9B00574FDF /* Database.h in Headers */ = {isa = PBXBuildFile; fileRef = 381A4C0E14CCDE9B00574FDF /* Database.h */; };
		381A4C1114CCDE9B00574FDF /* Database.m in Sources */ = {isa = PBXBuildFile; fileRef = 381A4C0F14CCDE9B00574FDF /* Database.m */; };
		3847EF7C14C247BC00C602CC /* AMImageView.h in Headers */ = {isa = PBXBuildFile; fileRef = 3847EF7A14C247BC00C602CC /* AMImageView.h */; };
		3847EF7D14C247BC00C602CC /* AMImageView.m in Sources */ = {isa = PBXBuildFile; fileRef = 3847EF7B14C247BC00C602CC /* AMImageView.m */; };
		3847EF8114C2564900C602CC /* ImageRequest.h in Headers */ = {isa = PBXBuildFile; fileRef = 3847EF7F14C2564900C602CC /* ImageRequest.h */; };
		3847EF8214C2564900C602CC /* ImageRequest.m in Sources */ = {isa = PBXBuildFile; fileRef = 3847EF8014C2564900C602CC /* ImageRequest.m */; };
		385C1E0D14C24299003D9FFB /* Foundation.framework in Frameworks */ = {isa = PBXBuildFile; fileRef = 385C1E0C14C24299003D9FFB /* Foundation.framework */; };
		385C1E1314C24299003D9FFB /* AMImageManager.m in Sources */ = {isa = PBXBuildFile; fileRef = 385C1E1214C24299003D9FFB /* AMImageManager.m */; };
		385C1E1A14C242FC003D9FFB /* UIKit.framework in Frameworks */ = {isa = PBXBuildFile; fileRef = 385C1E1914C242FC003D9FFB /* UIKit.framework */; };
		994E7072177CFDAF0008A0DC /* Indicator.h in Headers */ = {isa = PBXBuildFile; fileRef = 994E7070177CFDAE0008A0DC /* Indicator.h */; };
		994E7073177CFDAF0008A0DC /* Indicator.m in Sources */ = {isa = PBXBuildFile; fileRef = 994E7071177CFDAF0008A0DC /* Indicator.m */; };
/* End PBXBuildFile section */

/* Begin PBXFileReference section */
		381A4BF814CCD42900574FDF /* AMImageCache.h */ = {isa = PBXFileReference; fileEncoding = 4; lastKnownFileType = sourcecode.c.h; path = AMImageCache.h; sourceTree = "<group>"; };
		381A4BF914CCD42900574FDF /* AMImageCache.m */ = {isa = PBXFileReference; fileEncoding = 4; lastKnownFileType = sourcecode.c.objc; path = AMImageCache.m; sourceTree = "<group>"; };
		381A4BFD14CCD48C00574FDF /* CacheItem.h */ = {isa = PBXFileReference; fileEncoding = 4; lastKnownFileType = sourcecode.c.h; path = CacheItem.h; sourceTree = "<group>"; };
		381A4BFE14CCD48C00574FDF /* CacheItem.m */ = {isa = PBXFileReference; fileEncoding = 4; lastKnownFileType = sourcecode.c.objc; path = CacheItem.m; sourceTree = "<group>"; };
		381A4C0114CCD4A000574FDF /* ImageCachingDatabaseService.h */ = {isa = PBXFileReference; fileEncoding = 4; lastKnownFileType = sourcecode.c.h; path = ImageCachingDatabaseService.h; sourceTree = "<group>"; };
		381A4C0214CCD4A000574FDF /* ImageCachingDatabaseService.m */ = {isa = PBXFileReference; fileEncoding = 4; lastKnownFileType = sourcecode.c.objc; path = ImageCachingDatabaseService.m; sourceTree = "<group>"; };
		381A4C0A14CCDE5700574FDF /* DateUtil.h */ = {isa = PBXFileReference; fileEncoding = 4; lastKnownFileType = sourcecode.c.h; path = DateUtil.h; sourceTree = "<group>"; };
		381A4C0B14CCDE5700574FDF /* DateUtil.m */ = {isa = PBXFileReference; fileEncoding = 4; lastKnownFileType = sourcecode.c.objc; path = DateUtil.m; sourceTree = "<group>"; };
		381A4C0E14CCDE9B00574FDF /* Database.h */ = {isa = PBXFileReference; fileEncoding = 4; lastKnownFileType = sourcecode.c.h; path = Database.h; sourceTree = "<group>"; };
		381A4C0F14CCDE9B00574FDF /* Database.m */ = {isa = PBXFileReference; fileEncoding = 4; lastKnownFileType = sourcecode.c.objc; path = Database.m; sourceTree = "<group>"; };
		3847EF7A14C247BC00C602CC /* AMImageView.h */ = {isa = PBXFileReference; fileEncoding = 4; lastKnownFileType = sourcecode.c.h; path = AMImageView.h; sourceTree = "<group>"; };
		3847EF7B14C247BC00C602CC /* AMImageView.m */ = {isa = PBXFileReference; fileEncoding = 4; lastKnownFileType = sourcecode.c.objc; path = AMImageView.m; sourceTree = "<group>"; };
		3847EF7F14C2564900C602CC /* ImageRequest.h */ = {isa = PBXFileReference; fileEncoding = 4; lastKnownFileType = sourcecode.c.h; path = ImageRequest.h; sourceTree = "<group>"; };
		3847EF8014C2564900C602CC /* ImageRequest.m */ = {isa = PBXFileReference; fileEncoding = 4; lastKnownFileType = sourcecode.c.objc; path = ImageRequest.m; sourceTree = "<group>"; };
		385C1E0914C24299003D9FFB /* libAMImageManager.a */ = {isa = PBXFileReference; explicitFileType = archive.ar; includeInIndex = 0; path = libAMImageManager.a; sourceTree = BUILT_PRODUCTS_DIR; };
		385C1E0C14C24299003D9FFB /* Foundation.framework */ = {isa = PBXFileReference; lastKnownFileType = wrapper.framework; name = Foundation.framework; path = System/Library/Frameworks/Foundation.framework; sourceTree = SDKROOT; };
		385C1E1014C24299003D9FFB /* AMImageManager-Prefix.pch */ = {isa = PBXFileReference; lastKnownFileType = sourcecode.c.h; path = "AMImageManager-Prefix.pch"; sourceTree = "<group>"; };
		385C1E1114C24299003D9FFB /* AMImageManager.h */ = {isa = PBXFileReference; lastKnownFileType = sourcecode.c.h; path = AMImageManager.h; sourceTree = "<group>"; };
		385C1E1214C24299003D9FFB /* AMImageManager.m */ = {isa = PBXFileReference; lastKnownFileType = sourcecode.c.objc; path = AMImageManager.m; sourceTree = "<group>"; };
		385C1E1914C242FC003D9FFB /* UIKit.framework */ = {isa = PBXFileReference; lastKnownFileType = wrapper.framework; name = UIKit.framework; path = System/Library/Frameworks/UIKit.framework; sourceTree = SDKROOT; };
		994E7070177CFDAE0008A0DC /* Indicator.h */ = {isa = PBXFileReference; fileEncoding = 4; lastKnownFileType = sourcecode.c.h; path = Indicator.h; sourceTree = "<group>"; };
		994E7071177CFDAF0008A0DC /* Indicator.m */ = {isa = PBXFileReference; fileEncoding = 4; lastKnownFileType = sourcecode.c.objc; path = Indicator.m; sourceTree = "<group>"; };
/* End PBXFileReference section */

/* Begin PBXFrameworksBuildPhase section */
		385C1E0614C24299003D9FFB /* Frameworks */ = {
			isa = PBXFrameworksBuildPhase;
			buildActionMask = 2147483647;
			files = (
				385C1E1A14C242FC003D9FFB /* UIKit.framework in Frameworks */,
				385C1E0D14C24299003D9FFB /* Foundation.framework in Frameworks */,
			);
			runOnlyForDeploymentPostprocessing = 0;
		};
/* End PBXFrameworksBuildPhase section */

/* Begin PBXGroup section */
		385C1DFE14C24299003D9FFB = {
			isa = PBXGroup;
			children = (
				385C1E0E14C24299003D9FFB /* AMImageManager */,
				385C1E0B14C24299003D9FFB /* Frameworks */,
				385C1E0A14C24299003D9FFB /* Products */,
			);
			sourceTree = "<group>";
		};
		385C1E0A14C24299003D9FFB /* Products */ = {
			isa = PBXGroup;
			children = (
				385C1E0914C24299003D9FFB /* libAMImageManager.a */,
			);
			name = Products;
			sourceTree = "<group>";
		};
		385C1E0B14C24299003D9FFB /* Frameworks */ = {
			isa = PBXGroup;
			children = (
				385C1E1914C242FC003D9FFB /* UIKit.framework */,
				385C1E0C14C24299003D9FFB /* Foundation.framework */,
			);
			name = Frameworks;
			sourceTree = "<group>";
		};
		385C1E0E14C24299003D9FFB /* AMImageManager */ = {
			isa = PBXGroup;
			children = (
				385C1E1114C24299003D9FFB /* AMImageManager.h */,
				385C1E1214C24299003D9FFB /* AMImageManager.m */,
				381A4BF814CCD42900574FDF /* AMImageCache.h */,
				381A4BF914CCD42900574FDF /* AMImageCache.m */,
				381A4BFD14CCD48C00574FDF /* CacheItem.h */,
				381A4BFE14CCD48C00574FDF /* CacheItem.m */,
				381A4C0114CCD4A000574FDF /* ImageCachingDatabaseService.h */,
				381A4C0214CCD4A000574FDF /* ImageCachingDatabaseService.m */,
				3847EF7A14C247BC00C602CC /* AMImageView.h */,
				3847EF7B14C247BC00C602CC /* AMImageView.m */,
				3847EF7F14C2564900C602CC /* ImageRequest.h */,
				3847EF8014C2564900C602CC /* ImageRequest.m */,
				994E7070177CFDAE0008A0DC /* Indicator.h */,
				994E7071177CFDAF0008A0DC /* Indicator.m */,
				385C1E0F14C24299003D9FFB /* Supporting Files */,
			);
			path = AMImageManager;
			sourceTree = "<group>";
		};
		385C1E0F14C24299003D9FFB /* Supporting Files */ = {
			isa = PBXGroup;
			children = (
				381A4C0E14CCDE9B00574FDF /* Database.h */,
				381A4C0F14CCDE9B00574FDF /* Database.m */,
				381A4C0A14CCDE5700574FDF /* DateUtil.h */,
				381A4C0B14CCDE5700574FDF /* DateUtil.m */,
				385C1E1014C24299003D9FFB /* AMImageManager-Prefix.pch */,
			);
			name = "Supporting Files";
			sourceTree = "<group>";
		};
/* End PBXGroup section */

/* Begin PBXHeadersBuildPhase section */
		385C1E0714C24299003D9FFB /* Headers */ = {
			isa = PBXHeadersBuildPhase;
			buildActionMask = 2147483647;
			files = (
				3847EF7C14C247BC00C602CC /* AMImageView.h in Headers */,
				3847EF8114C2564900C602CC /* ImageRequest.h in Headers */,
				381A4BFA14CCD42900574FDF /* AMImageCache.h in Headers */,
				381A4BFF14CCD48C00574FDF /* CacheItem.h in Headers */,
				381A4C0314CCD4A000574FDF /* ImageCachingDatabaseService.h in Headers */,
				381A4C0C14CCDE5700574FDF /* DateUtil.h in Headers */,
				381A4C1014CCDE9B00574FDF /* Database.h in Headers */,
				994E7072177CFDAF0008A0DC /* Indicator.h in Headers */,
			);
			runOnlyForDeploymentPostprocessing = 0;
		};
/* End PBXHeadersBuildPhase section */

/* Begin PBXNativeTarget section */
		385C1E0814C24299003D9FFB /* AMImageManager */ = {
			isa = PBXNativeTarget;
			buildConfigurationList = 385C1E1614C24299003D9FFB /* Build configuration list for PBXNativeTarget "AMImageManager" */;
			buildPhases = (
				385C1E0514C24299003D9FFB /* Sources */,
				385C1E0614C24299003D9FFB /* Frameworks */,
				385C1E0714C24299003D9FFB /* Headers */,
			);
			buildRules = (
			);
			dependencies = (
			);
			name = AMImageManager;
			productName = AMImageManager;
			productReference = 385C1E0914C24299003D9FFB /* libAMImageManager.a */;
			productType = "com.apple.product-type.library.static";
		};
/* End PBXNativeTarget section */

/* Begin PBXProject section */
		385C1E0014C24299003D9FFB /* Project object */ = {
			isa = PBXProject;
			attributes = {
				LastUpgradeCheck = 0460;
			};
			buildConfigurationList = 385C1E0314C24299003D9FFB /* Build configuration list for PBXProject "AMImageManager" */;
			compatibilityVersion = "Xcode 3.2";
			developmentRegion = English;
			hasScannedForEncodings = 0;
			knownRegions = (
				en,
			);
			mainGroup = 385C1DFE14C24299003D9FFB;
			productRefGroup = 385C1E0A14C24299003D9FFB /* Products */;
			projectDirPath = "";
			projectRoot = "";
			targets = (
				385C1E0814C24299003D9FFB /* AMImageManager */,
			);
		};
/* End PBXProject section */

/* Begin PBXSourcesBuildPhase section */
		385C1E0514C24299003D9FFB /* Sources */ = {
			isa = PBXSourcesBuildPhase;
			buildActionMask = 2147483647;
			files = (
				385C1E1314C24299003D9FFB /* AMImageManager.m in Sources */,
				3847EF7D14C247BC00C602CC /* AMImageView.m in Sources */,
				3847EF8214C2564900C602CC /* ImageRequest.m in Sources */,
				381A4BFB14CCD42900574FDF /* AMImageCache.m in Sources */,
				381A4C0014CCD48C00574FDF /* CacheItem.m in Sources */,
				381A4C0414CCD4A000574FDF /* ImageCachingDatabaseService.m in Sources */,
				381A4C0D14CCDE5700574FDF /* DateUtil.m in Sources */,
				381A4C1114CCDE9B00574FDF /* Database.m in Sources */,
				994E7073177CFDAF0008A0DC /* Indicator.m in Sources */,
			);
			runOnlyForDeploymentPostprocessing = 0;
		};
/* End PBXSourcesBuildPhase section */

/* Begin XCBuildConfiguration section */
		385C1E1414C24299003D9FFB /* Debug */ = {
			isa = XCBuildConfiguration;
			buildSettings = {
				ALWAYS_SEARCH_USER_PATHS = NO;
				ARCHS = "$(ARCHS_STANDARD_32_BIT)";
				CLANG_WARN_CONSTANT_CONVERSION = YES;
				CLANG_WARN_ENUM_CONVERSION = YES;
				CLANG_WARN_INT_CONVERSION = YES;
				CLANG_WARN__DUPLICATE_METHOD_MATCH = YES;
				COPY_PHASE_STRIP = NO;
				GCC_C_LANGUAGE_STANDARD = gnu99;
				GCC_DYNAMIC_NO_PIC = NO;
				GCC_OPTIMIZATION_LEVEL = 0;
				GCC_PREPROCESSOR_DEFINITIONS = (
					"DEBUG=1",
					"$(inherited)",
				);
				GCC_SYMBOLS_PRIVATE_EXTERN = NO;
				GCC_VERSION = com.apple.compilers.llvm.clang.1_0;
				GCC_WARN_ABOUT_MISSING_PROTOTYPES = YES;
				GCC_WARN_ABOUT_RETURN_TYPE = YES;
				GCC_WARN_UNINITIALIZED_AUTOS = YES;
				GCC_WARN_UNUSED_VARIABLE = YES;
				IPHONEOS_DEPLOYMENT_TARGET = 5.0;
				SDKROOT = iphoneos;
			};
			name = Debug;
		};
		385C1E1514C24299003D9FFB /* Release */ = {
			isa = XCBuildConfiguration;
			buildSettings = {
				ALWAYS_SEARCH_USER_PATHS = NO;
				ARCHS = "$(ARCHS_STANDARD_32_BIT)";
				CLANG_WARN_CONSTANT_CONVERSION = YES;
				CLANG_WARN_ENUM_CONVERSION = YES;
				CLANG_WARN_INT_CONVERSION = YES;
				CLANG_WARN__DUPLICATE_METHOD_MATCH = YES;
				COPY_PHASE_STRIP = YES;
				GCC_C_LANGUAGE_STANDARD = gnu99;
				GCC_VERSION = com.apple.compilers.llvm.clang.1_0;
				GCC_WARN_ABOUT_MISSING_PROTOTYPES = YES;
				GCC_WARN_ABOUT_RETURN_TYPE = YES;
				GCC_WARN_UNINITIALIZED_AUTOS = YES;
				GCC_WARN_UNUSED_VARIABLE = YES;
				IPHONEOS_DEPLOYMENT_TARGET = 5.0;
				SDKROOT = iphoneos;
				VALIDATE_PRODUCT = YES;
			};
			name = Release;
		};
		385C1E1714C24299003D9FFB /* Debug */ = {
			isa = XCBuildConfiguration;
			buildSettings = {
				DSTROOT = /tmp/AMImageManager.dst;
				GCC_PRECOMPILE_PREFIX_HEADER = YES;
				GCC_PREFIX_HEADER = "AMImageManager/AMImageManager-Prefix.pch";
				OTHER_LDFLAGS = "-ObjC";
				PRODUCT_NAME = "$(TARGET_NAME)";
				SKIP_INSTALL = YES;
			};
			name = Debug;
		};
		385C1E1814C24299003D9FFB /* Release */ = {
			isa = XCBuildConfiguration;
			buildSettings = {
				DSTROOT = /tmp/AMImageManager.dst;
				GCC_PRECOMPILE_PREFIX_HEADER = YES;
				GCC_PREFIX_HEADER = "AMImageManager/AMImageManager-Prefix.pch";
				OTHER_LDFLAGS = "-ObjC";
				PRODUCT_NAME = "$(TARGET_NAME)";
				SKIP_INSTALL = YES;
			};
			name = Release;
		};
/* End XCBuildConfiguration section */

/* Begin XCConfigurationList section */
		385C1E0314C24299003D9FFB /* Build configuration list for PBXProject "AMImageManager" */ = {
			isa = XCConfigurationList;
			buildConfigurations = (
				385C1E1414C24299003D9FFB /* Debug */,
				385C1E1514C24299003D9FFB /* Release */,
			);
			defaultConfigurationIsVisible = 0;
			defaultConfigurationName = Release;
		};
		385C1E1614C24299003D9FFB /* Build configuration list for PBXNativeTarget "AMImageManager" */ = {
			isa = XCConfigurationList;
			buildConfigurations = (
				385C1E1714C24299003D9FFB /* Debug */,
				385C1E1814C24299003D9FFB /* Release */,
			);
			defaultConfigurationIsVisible = 0;
			defaultConfigurationName = Release;
		};
/* End XCConfigurationList section */
	};
	rootObject = 385C1E0014C24299003D9FFB /* Project object */;
}
